
Microsoft Visual Studio Solution File, Format Version 12.00
# Visual Studio Version 17
VisualStudioVersion = 17.5.33414.496
MinimumVisualStudioVersion = 10.0.40219.1
Project("{FAE04EC0-301F-11D3-BF4B-00C04F79EFBC}") = "Personel_Kayit", "Personel_Kayit\Personel_Kayit.csproj", "{00D67B72-FA9C-4254-A337-F187267AC473}"
EndProject
Global
	GlobalSection(SolutionConfigurationPlatforms) = preSolution
		Debug|Any CPU = Debug|Any CPU
		Release|Any CPU = Release|Any CPU
	EndGlobalSection
	GlobalSection(ProjectConfigurationPlatforms) = postSolution
		{00D67B72-FA9C-4254-A337-F187267AC473}.Debug|Any CPU.ActiveCfg = Debug|Any CPU
		{00D67B72-FA9C-4254-A337-F187267AC473}.Debug|Any CPU.Build.0 = Debug|Any CPU
		{00D67B72-FA9C-4254-A337-F187267AC473}.Release|Any CPU.ActiveCfg = Release|Any CPU
		{00D67B72-FA9C-4254-A337-F187267AC473}.Release|Any CPU.Build.0 = Release|Any CPU
	EndGlobalSection
	GlobalSection(SolutionProperties) = preSolution
		HideSolutionNode = FALSE
	EndGlobalSection
	GlobalSection(ExtensibilityGlobals) = postSolution
		SolutionGuid = {D5DCC536-D8A1-4941-9097-CE9D28C412B9}
	EndGlobalSection
EndGlobal
